PODS:
  - Flutter (1.0.0)
  - hahahaha (0.0.1):
    - Flutter

DEPENDENCIES:
  - Flutter (from `Flutter`)
  - hahahaha (from `.symlinks/plugins/hahahaha/ios`)

EXTERNAL SOURCES:
  Flutter:
    :path: Flutter
  hahahaha:
    :path: ".symlinks/plugins/hahahaha/ios"

SPEC CHECKSUMS:
  Flutter: 50d75fe2f02b26cc09d224853bb45737f8b3214a
  hahahaha: ed5a3c17a53d43f63d4766e8f8dcdd47c4cd4624

PODFILE CHECKSUM: 8e679eca47255a8ca8067c4c67aab20e64cb974d

COCOAPODS: 1.11.2
